
Microsoft Visual Studio Solution File, Format Version 12.00
# Visual Studio Version 17
VisualStudioVersion = 17.14.36401.2
MinimumVisualStudioVersion = 10.0.40219.1
Project("{FAE04EC0-301F-11D3-BF4B-00C04F79EFBC}") = "DiceGame", "DiceGame.csproj", "{60EA0685-8FD0-49C7-BCFE-A5ECFB21AF2E}"
EndProject
Global
	GlobalSection(SolutionConfigurationPlatforms) = preSolution
		Debug|Any CPU = Debug|Any CPU
		Release|Any CPU = Release|Any CPU
	EndGlobalSection
	GlobalSection(ProjectConfigurationPlatforms) = postSolution
		{60EA0685-8FD0-49C7-BCFE-A5ECFB21AF2E}.Debug|Any CPU.ActiveCfg = Debug|Any CPU
		{60EA0685-8FD0-49C7-BCFE-A5ECFB21AF2E}.Debug|Any CPU.Build.0 = Debug|Any CPU
		{60EA0685-8FD0-49C7-BCFE-A5ECFB21AF2E}.Release|Any CPU.ActiveCfg = Release|Any CPU
		{60EA0685-8FD0-49C7-BCFE-A5ECFB21AF2E}.Release|Any CPU.Build.0 = Release|Any CPU
	EndGlobalSection
	GlobalSection(SolutionProperties) = preSolution
		HideSolutionNode = FALSE
	EndGlobalSection
	GlobalSection(ExtensibilityGlobals) = postSolution
		SolutionGuid = {F9DD9496-EA1D-4CD4-853B-717D6C524D92}
	EndGlobalSection
EndGlobal
