
Microsoft Visual Studio Solution File, Format Version 12.00
# Visual Studio Version 17
VisualStudioVersion = 17.14.36401.2 d17.14
MinimumVisualStudioVersion = 10.0.40219.1
Project("{FAE04EC0-301F-11D3-BF4B-00C04F79EFBC}") = "GD14_1133_Lab1_salisbury_zoey", "GD14_1133_Lab1_salisbury_zoey.csproj", "{50DD4340-5A95-419D-B269-FF897BD884E3}"
EndProject
Global
	GlobalSection(SolutionConfigurationPlatforms) = preSolution
		Debug|Any CPU = Debug|Any CPU
		Release|Any CPU = Release|Any CPU
	EndGlobalSection
	GlobalSection(ProjectConfigurationPlatforms) = postSolution
		{50DD4340-5A95-419D-B269-FF897BD884E3}.Debug|Any CPU.ActiveCfg = Debug|Any CPU
		{50DD4340-5A95-419D-B269-FF897BD884E3}.Debug|Any CPU.Build.0 = Debug|Any CPU
		{50DD4340-5A95-419D-B269-FF897BD884E3}.Release|Any CPU.ActiveCfg = Release|Any CPU
		{50DD4340-5A95-419D-B269-FF897BD884E3}.Release|Any CPU.Build.0 = Release|Any CPU
	EndGlobalSection
	GlobalSection(SolutionProperties) = preSolution
		HideSolutionNode = FALSE
	EndGlobalSection
	GlobalSection(ExtensibilityGlobals) = postSolution
		SolutionGuid = {EDCAC367-C451-4C7C-B12D-F261ADBE28A9}
	EndGlobalSection
EndGlobal
